
Microsoft Visual Studio Solution File, Format Version 12.00
# Visual Studio Version 17
VisualStudioVersion = 17.5.2.0
MinimumVisualStudioVersion = 10.0.40219.1
Project("{FAE04EC0-301F-11D3-BF4B-00C04F79EFBC}") = "DnD_Manager", "DnD_Manager.csproj", "{C106B64A-3832-8669-6514-81EE41FDCDFC}"
EndProject
Global
	GlobalSection(SolutionConfigurationPlatforms) = preSolution
		Debug|Any CPU = Debug|Any CPU
		Debug|x64 = Debug|x64
		Debug|x86 = Debug|x86
		Release|Any CPU = Release|Any CPU
		Release|x64 = Release|x64
		Release|x86 = Release|x86
	EndGlobalSection
	GlobalSection(ProjectConfigurationPlatforms) = postSolution
		{C106B64A-3832-8669-6514-81EE41FDCDFC}.Debug|Any CPU.ActiveCfg = Debug|Any CPU
		{C106B64A-3832-8669-6514-81EE41FDCDFC}.Debug|Any CPU.Build.0 = Debug|Any CPU
		{C106B64A-3832-8669-6514-81EE41FDCDFC}.Debug|x64.ActiveCfg = Debug|Any CPU
		{C106B64A-3832-8669-6514-81EE41FDCDFC}.Debug|x64.Build.0 = Debug|Any CPU
		{C106B64A-3832-8669-6514-81EE41FDCDFC}.Debug|x86.ActiveCfg = Debug|Any CPU
		{C106B64A-3832-8669-6514-81EE41FDCDFC}.Debug|x86.Build.0 = Debug|Any CPU
		{C106B64A-3832-8669-6514-81EE41FDCDFC}.Release|Any CPU.ActiveCfg = Release|Any CPU
		{C106B64A-3832-8669-6514-81EE41FDCDFC}.Release|Any CPU.Build.0 = Release|Any CPU
		{C106B64A-3832-8669-6514-81EE41FDCDFC}.Release|x64.ActiveCfg = Release|Any CPU
		{C106B64A-3832-8669-6514-81EE41FDCDFC}.Release|x64.Build.0 = Release|Any CPU
		{C106B64A-3832-8669-6514-81EE41FDCDFC}.Release|x86.ActiveCfg = Release|Any CPU
		{C106B64A-3832-8669-6514-81EE41FDCDFC}.Release|x86.Build.0 = Release|Any CPU
	EndGlobalSection
	GlobalSection(SolutionProperties) = preSolution
		HideSolutionNode = FALSE
	EndGlobalSection
	GlobalSection(ExtensibilityGlobals) = postSolution
		SolutionGuid = {F9B02DA0-3CB6-4D23-B47E-198E6D8AE2E8}
	EndGlobalSection
EndGlobal
